
Microsoft Visual Studio Solution File, Format Version 12.00
# Visual Studio Version 17
VisualStudioVersion = 17.0.31903.59
MinimumVisualStudioVersion = 10.0.40219.1
Project("{FAE04EC0-301F-11D3-BF4B-00C04F79EFBC}") = "API", "API\API.csproj", "{0EE5D598-7940-48C1-B315-C87D4D5AD7D0}"
EndProject
Project("{FAE04EC0-301F-11D3-BF4B-00C04F79EFBC}") = "Domain", "Domain\Domain.csproj", "{14AC5595-5437-400C-8573-EB5C272868E0}"
EndProject
Project("{FAE04EC0-301F-11D3-BF4B-00C04F79EFBC}") = "Application", "Application\Application.csproj", "{DB4CB847-5C48-4038-A8C7-D148A1DAAF50}"
EndProject
Project("{FAE04EC0-301F-11D3-BF4B-00C04F79EFBC}") = "Persistence", "Persistence\Persistence.csproj", "{E843E443-A3CD-464F-8939-9161767747F7}"
EndProject
Global
	GlobalSection(SolutionConfigurationPlatforms) = preSolution
		Debug|Any CPU = Debug|Any CPU
		Release|Any CPU = Release|Any CPU
	EndGlobalSection
	GlobalSection(ProjectConfigurationPlatforms) = postSolution
		{0EE5D598-7940-48C1-B315-C87D4D5AD7D0}.Debug|Any CPU.ActiveCfg = Debug|Any CPU
		{0EE5D598-7940-48C1-B315-C87D4D5AD7D0}.Debug|Any CPU.Build.0 = Debug|Any CPU
		{0EE5D598-7940-48C1-B315-C87D4D5AD7D0}.Release|Any CPU.ActiveCfg = Release|Any CPU
		{0EE5D598-7940-48C1-B315-C87D4D5AD7D0}.Release|Any CPU.Build.0 = Release|Any CPU
		{14AC5595-5437-400C-8573-EB5C272868E0}.Debug|Any CPU.ActiveCfg = Debug|Any CPU
		{14AC5595-5437-400C-8573-EB5C272868E0}.Debug|Any CPU.Build.0 = Debug|Any CPU
		{14AC5595-5437-400C-8573-EB5C272868E0}.Release|Any CPU.ActiveCfg = Release|Any CPU
		{14AC5595-5437-400C-8573-EB5C272868E0}.Release|Any CPU.Build.0 = Release|Any CPU
		{DB4CB847-5C48-4038-A8C7-D148A1DAAF50}.Debug|Any CPU.ActiveCfg = Debug|Any CPU
		{DB4CB847-5C48-4038-A8C7-D148A1DAAF50}.Debug|Any CPU.Build.0 = Debug|Any CPU
		{DB4CB847-5C48-4038-A8C7-D148A1DAAF50}.Release|Any CPU.ActiveCfg = Release|Any CPU
		{DB4CB847-5C48-4038-A8C7-D148A1DAAF50}.Release|Any CPU.Build.0 = Release|Any CPU
		{E843E443-A3CD-464F-8939-9161767747F7}.Debug|Any CPU.ActiveCfg = Debug|Any CPU
		{E843E443-A3CD-464F-8939-9161767747F7}.Debug|Any CPU.Build.0 = Debug|Any CPU
		{E843E443-A3CD-464F-8939-9161767747F7}.Release|Any CPU.ActiveCfg = Release|Any CPU
		{E843E443-A3CD-464F-8939-9161767747F7}.Release|Any CPU.Build.0 = Release|Any CPU
	EndGlobalSection
	GlobalSection(SolutionProperties) = preSolution
		HideSolutionNode = FALSE
	EndGlobalSection
EndGlobal
